
Microsoft Visual Studio Solution File, Format Version 12.00
# Visual Studio Version 17
VisualStudioVersion = 17.11.35327.3
MinimumVisualStudioVersion = 10.0.40219.1
Project("{FAE04EC0-301F-11D3-BF4B-00C04F79EFBC}") = "Week5LogicOperators", "Week5LogicOperators\Week5LogicOperators.csproj", "{644EF190-CB85-4DCB-BB44-9FC0787E683A}"
EndProject
Project("{FAE04EC0-301F-11D3-BF4B-00C04F79EFBC}") = "AndOperator", "AndOperator\AndOperator.csproj", "{F8DEBF12-7C14-45C1-894E-B7263B35E842}"
EndProject
Project("{FAE04EC0-301F-11D3-BF4B-00C04F79EFBC}") = "OrOperator", "OrOperator\OrOperator.csproj", "{C4197C8F-8F40-4B38-BA7E-60BF224EB080}"
EndProject
Project("{FAE04EC0-301F-11D3-BF4B-00C04F79EFBC}") = "ANDRanges", "ANDRanges\ANDRanges.csproj", "{6419DD95-A255-4550-84C7-9243B7457241}"
EndProject
Project("{FAE04EC0-301F-11D3-BF4B-00C04F79EFBC}") = "LoginInfo", "LoginInfo\LoginInfo.csproj", "{042FD2F3-41B0-4F0E-B64E-0101784775D4}"
EndProject
Global
	GlobalSection(SolutionConfigurationPlatforms) = preSolution
		Debug|Any CPU = Debug|Any CPU
		Release|Any CPU = Release|Any CPU
	EndGlobalSection
	GlobalSection(ProjectConfigurationPlatforms) = postSolution
		{644EF190-CB85-4DCB-BB44-9FC0787E683A}.Debug|Any CPU.ActiveCfg = Debug|Any CPU
		{644EF190-CB85-4DCB-BB44-9FC0787E683A}.Debug|Any CPU.Build.0 = Debug|Any CPU
		{644EF190-CB85-4DCB-BB44-9FC0787E683A}.Release|Any CPU.ActiveCfg = Release|Any CPU
		{644EF190-CB85-4DCB-BB44-9FC0787E683A}.Release|Any CPU.Build.0 = Release|Any CPU
		{F8DEBF12-7C14-45C1-894E-B7263B35E842}.Debug|Any CPU.ActiveCfg = Debug|Any CPU
		{F8DEBF12-7C14-45C1-894E-B7263B35E842}.Debug|Any CPU.Build.0 = Debug|Any CPU
		{F8DEBF12-7C14-45C1-894E-B7263B35E842}.Release|Any CPU.ActiveCfg = Release|Any CPU
		{F8DEBF12-7C14-45C1-894E-B7263B35E842}.Release|Any CPU.Build.0 = Release|Any CPU
		{C4197C8F-8F40-4B38-BA7E-60BF224EB080}.Debug|Any CPU.ActiveCfg = Debug|Any CPU
		{C4197C8F-8F40-4B38-BA7E-60BF224EB080}.Debug|Any CPU.Build.0 = Debug|Any CPU
		{C4197C8F-8F40-4B38-BA7E-60BF224EB080}.Release|Any CPU.ActiveCfg = Release|Any CPU
		{C4197C8F-8F40-4B38-BA7E-60BF224EB080}.Release|Any CPU.Build.0 = Release|Any CPU
		{6419DD95-A255-4550-84C7-9243B7457241}.Debug|Any CPU.ActiveCfg = Debug|Any CPU
		{6419DD95-A255-4550-84C7-9243B7457241}.Debug|Any CPU.Build.0 = Debug|Any CPU
		{6419DD95-A255-4550-84C7-9243B7457241}.Release|Any CPU.ActiveCfg = Release|Any CPU
		{6419DD95-A255-4550-84C7-9243B7457241}.Release|Any CPU.Build.0 = Release|Any CPU
		{042FD2F3-41B0-4F0E-B64E-0101784775D4}.Debug|Any CPU.ActiveCfg = Debug|Any CPU
		{042FD2F3-41B0-4F0E-B64E-0101784775D4}.Debug|Any CPU.Build.0 = Debug|Any CPU
		{042FD2F3-41B0-4F0E-B64E-0101784775D4}.Release|Any CPU.ActiveCfg = Release|Any CPU
		{042FD2F3-41B0-4F0E-B64E-0101784775D4}.Release|Any CPU.Build.0 = Release|Any CPU
	EndGlobalSection
	GlobalSection(SolutionProperties) = preSolution
		HideSolutionNode = FALSE
	EndGlobalSection
	GlobalSection(ExtensibilityGlobals) = postSolution
		SolutionGuid = {2624EC0D-A408-4305-9AE1-3B77F270B8A4}
	EndGlobalSection
EndGlobal
